
Microsoft Visual Studio Solution File, Format Version 12.00
# Visual Studio 16
Project("{FAE04EC0-301F-11D3-BF4B-00C04F79EFBC}") = "Assembly-CSharp", "Assembly-CSharp.csproj", "{08C75C8F-72C8-A812-22C8-C3B62DF67D5B}"
EndProject
Project("{FAE04EC0-301F-11D3-BF4B-00C04F79EFBC}") = "Assembly-CSharp-Editor", "Assembly-CSharp-Editor.csproj", "{A44782F9-364A-CD30-65C1-85A2700B395B}"
EndProject
Global
	GlobalSection(SolutionConfigurationPlatforms) = preSolution
		Debug|Any CPU = Debug|Any CPU
		Release|Any CPU = Release|Any CPU
	EndGlobalSection
	GlobalSection(ProjectConfigurationPlatforms) = postSolution
		{08C75C8F-72C8-A812-22C8-C3B62DF67D5B}.Debug|Any CPU.ActiveCfg = Debug|Any CPU
		{08C75C8F-72C8-A812-22C8-C3B62DF67D5B}.Debug|Any CPU.Build.0 = Debug|Any CPU
		{08C75C8F-72C8-A812-22C8-C3B62DF67D5B}.Release|Any CPU.ActiveCfg = Release|Any CPU
		{08C75C8F-72C8-A812-22C8-C3B62DF67D5B}.Release|Any CPU.Build.0 = Release|Any CPU
		{A44782F9-364A-CD30-65C1-85A2700B395B}.Debug|Any CPU.ActiveCfg = Debug|Any CPU
		{A44782F9-364A-CD30-65C1-85A2700B395B}.Debug|Any CPU.Build.0 = Debug|Any CPU
		{A44782F9-364A-CD30-65C1-85A2700B395B}.Release|Any CPU.ActiveCfg = Release|Any CPU
		{A44782F9-364A-CD30-65C1-85A2700B395B}.Release|Any CPU.Build.0 = Release|Any CPU
	EndGlobalSection
	GlobalSection(SolutionProperties) = preSolution
		HideSolutionNode = FALSE
	EndGlobalSection
EndGlobal
